
Microsoft Visual Studio Solution File, Format Version 12.00
# Visual Studio Version 17
VisualStudioVersion = 17.11.35303.130
MinimumVisualStudioVersion = 10.0.40219.1
Project("{8BC9CEB8-8B4A-11D0-8D11-00A0C91BC942}") = "Projectile_Canvas", "Projectile_Canvas.vcxproj", "{DFD5D94E-05CD-4CE8-B468-0229C6783831}"
EndProject
Global
	GlobalSection(SolutionConfigurationPlatforms) = preSolution
		Debug|x64 = Debug|x64
		Debug|x86 = Debug|x86
		Release|x64 = Release|x64
		Release|x86 = Release|x86
	EndGlobalSection
	GlobalSection(ProjectConfigurationPlatforms) = postSolution
		{DFD5D94E-05CD-4CE8-B468-0229C6783831}.Debug|x64.ActiveCfg = Debug|x64
		{DFD5D94E-05CD-4CE8-B468-0229C6783831}.Debug|x64.Build.0 = Debug|x64
		{DFD5D94E-05CD-4CE8-B468-0229C6783831}.Debug|x86.ActiveCfg = Debug|Win32
		{DFD5D94E-05CD-4CE8-B468-0229C6783831}.Debug|x86.Build.0 = Debug|Win32
		{DFD5D94E-05CD-4CE8-B468-0229C6783831}.Release|x64.ActiveCfg = Release|x64
		{DFD5D94E-05CD-4CE8-B468-0229C6783831}.Release|x64.Build.0 = Release|x64
		{DFD5D94E-05CD-4CE8-B468-0229C6783831}.Release|x86.ActiveCfg = Release|Win32
		{DFD5D94E-05CD-4CE8-B468-0229C6783831}.Release|x86.Build.0 = Release|Win32
	EndGlobalSection
	GlobalSection(SolutionProperties) = preSolution
		HideSolutionNode = FALSE
	EndGlobalSection
	GlobalSection(ExtensibilityGlobals) = postSolution
		SolutionGuid = {4D0A882D-905A-4E54-9B1D-B6E0AC94ED6F}
	EndGlobalSection
EndGlobal
